<Solution>
  <Folder Name="/Solution Items/">
    <File Path="MVC_Lab1.txt" />
  </Folder>
  <Folder Name="/Solution Items/CLI Files/">
    <File Path="createprojects_MVC.cmd" />
    <File Path="createprojects_MVC.ps1" />
    <File Path="createprojects_MVC.sh" />
  </Folder>
  <Project Path="../../B_EFCore/Lab_EF07/AutoLot.Dal/AutoLot.Dal.csproj" />
  <Project Path="../../B_EFCore/Lab_EF07/AutoLot.Models/AutoLot.Models.csproj" />
  <Project Path="AutoLot.Mvc/AutoLot.Mvc.csproj" />
  <Project Path="AutoLot.Services/AutoLot.Services.csproj" />
</Solution>
